
Microsoft Visual Studio Solution File, Format Version 12.00
# Visual Studio 15
VisualStudioVersion = 15.0.27703.2042
MinimumVisualStudioVersion = 10.0.40219.1
Project("{9A19103F-16F7-4668-BE54-9A1E7A4F7556}") = "Bluetracker.SDK.Reporting", "Bluetracker.SDK.Reporting\Bluetracker.SDK.Reporting.csproj", "{39F26A04-FF95-4A56-9B0F-79C9E3198DCE}"
EndProject
Global
	GlobalSection(SolutionConfigurationPlatforms) = preSolution
		Debug|Any CPU = Debug|Any CPU
		Release|Any CPU = Release|Any CPU
	EndGlobalSection
	GlobalSection(ProjectConfigurationPlatforms) = postSolution
		{39F26A04-FF95-4A56-9B0F-79C9E3198DCE}.Debug|Any CPU.ActiveCfg = Debug|Any CPU
		{39F26A04-FF95-4A56-9B0F-79C9E3198DCE}.Debug|Any CPU.Build.0 = Debug|Any CPU
		{39F26A04-FF95-4A56-9B0F-79C9E3198DCE}.Release|Any CPU.ActiveCfg = Release|Any CPU
		{39F26A04-FF95-4A56-9B0F-79C9E3198DCE}.Release|Any CPU.Build.0 = Release|Any CPU
	EndGlobalSection
	GlobalSection(SolutionProperties) = preSolution
		HideSolutionNode = FALSE
	EndGlobalSection
	GlobalSection(ExtensibilityGlobals) = postSolution
		SolutionGuid = {8CB43AF1-C9FF-4875-BB54-BB50636B676A}
	EndGlobalSection
EndGlobal
